
Microsoft Visual Studio Solution File, Format Version 12.00
# Visual Studio Version 16
VisualStudioVersion = 16.0.31911.196
MinimumVisualStudioVersion = 10.0.40219.1
Project("{FAE04EC0-301F-11D3-BF4B-00C04F79EFBC}") = "CompanyApplication", "CompanyApplication.csproj", "{5B5DE886-C743-4F0A-9207-1B31FCB708C4}"
EndProject
Project("{FAE04EC0-301F-11D3-BF4B-00C04F79EFBC}") = "Domain", "..\Domain\Domain.csproj", "{0CF4805F-6B96-4127-8958-9AD3F93925C5}"
EndProject
Project("{FAE04EC0-301F-11D3-BF4B-00C04F79EFBC}") = "Repository", "..\Repository\Repository.csproj", "{596132B7-1EDC-4FB1-BB67-49BB49F611E2}"
EndProject
Project("{FAE04EC0-301F-11D3-BF4B-00C04F79EFBC}") = "Service", "..\Service\Service.csproj", "{CBDF50BC-9D39-4C7D-8818-A1902F95A815}"
EndProject
Global
	GlobalSection(SolutionConfigurationPlatforms) = preSolution
		Debug|Any CPU = Debug|Any CPU
		Release|Any CPU = Release|Any CPU
	EndGlobalSection
	GlobalSection(ProjectConfigurationPlatforms) = postSolution
		{5B5DE886-C743-4F0A-9207-1B31FCB708C4}.Debug|Any CPU.ActiveCfg = Debug|Any CPU
		{5B5DE886-C743-4F0A-9207-1B31FCB708C4}.Debug|Any CPU.Build.0 = Debug|Any CPU
		{5B5DE886-C743-4F0A-9207-1B31FCB708C4}.Release|Any CPU.ActiveCfg = Release|Any CPU
		{5B5DE886-C743-4F0A-9207-1B31FCB708C4}.Release|Any CPU.Build.0 = Release|Any CPU
		{0CF4805F-6B96-4127-8958-9AD3F93925C5}.Debug|Any CPU.ActiveCfg = Debug|Any CPU
		{0CF4805F-6B96-4127-8958-9AD3F93925C5}.Debug|Any CPU.Build.0 = Debug|Any CPU
		{0CF4805F-6B96-4127-8958-9AD3F93925C5}.Release|Any CPU.ActiveCfg = Release|Any CPU
		{0CF4805F-6B96-4127-8958-9AD3F93925C5}.Release|Any CPU.Build.0 = Release|Any CPU
		{596132B7-1EDC-4FB1-BB67-49BB49F611E2}.Debug|Any CPU.ActiveCfg = Debug|Any CPU
		{596132B7-1EDC-4FB1-BB67-49BB49F611E2}.Debug|Any CPU.Build.0 = Debug|Any CPU
		{596132B7-1EDC-4FB1-BB67-49BB49F611E2}.Release|Any CPU.ActiveCfg = Release|Any CPU
		{596132B7-1EDC-4FB1-BB67-49BB49F611E2}.Release|Any CPU.Build.0 = Release|Any CPU
		{CBDF50BC-9D39-4C7D-8818-A1902F95A815}.Debug|Any CPU.ActiveCfg = Debug|Any CPU
		{CBDF50BC-9D39-4C7D-8818-A1902F95A815}.Debug|Any CPU.Build.0 = Debug|Any CPU
		{CBDF50BC-9D39-4C7D-8818-A1902F95A815}.Release|Any CPU.ActiveCfg = Release|Any CPU
		{CBDF50BC-9D39-4C7D-8818-A1902F95A815}.Release|Any CPU.Build.0 = Release|Any CPU
	EndGlobalSection
	GlobalSection(SolutionProperties) = preSolution
		HideSolutionNode = FALSE
	EndGlobalSection
	GlobalSection(ExtensibilityGlobals) = postSolution
		SolutionGuid = {FB3A033C-711D-41F0-9F50-449BC63D3E62}
	EndGlobalSection
EndGlobal
